
Microsoft Visual Studio Solution File, Format Version 12.00
# Visual Studio Version 17
VisualStudioVersion = 17.8.34525.116
MinimumVisualStudioVersion = 10.0.40219.1
Project("{2150E333-8FDC-42A3-9474-1A3956D46DE8}") = "Application", "Application", "{00ACC9EF-8F59-4BD2-A9C8-B494EC025182}"
EndProject
Project("{2150E333-8FDC-42A3-9474-1A3956D46DE8}") = "Tests", "Tests", "{75B96EF5-D631-46C4-B4FD-DF293F7DEF8B}"
EndProject
Project("{9A19103F-16F7-4668-BE54-9A1E7A4F7556}") = "Launcher.Downloading", "Application\Launcher.Downloading\Launcher.Downloading.csproj", "{1CC3D187-6EFD-4A70-AF2B-53CB4601E236}"
EndProject
Project("{9A19103F-16F7-4668-BE54-9A1E7A4F7556}") = "Launcher", "Application\Launcher\Launcher.csproj", "{A54F9BDE-5D5F-4BA3-9B1E-9B1296B6E242}"
EndProject
Project("{9A19103F-16F7-4668-BE54-9A1E7A4F7556}") = "Launcher.Server", "Application\Launcher.Server\Launcher.Server.csproj", "{51E84BC8-6499-44B3-A47B-295174D9EB78}"
EndProject
Project("{2150E333-8FDC-42A3-9474-1A3956D46DE8}") = "Solution Items", "Solution Items", "{7979B871-6163-44ED-91BB-162A48E7F32D}"
	ProjectSection(SolutionItems) = preProject
		.dockerignore = .dockerignore
		.gitignore = .gitignore
		docker-compose.yml = docker-compose.yml
		README.md = README.md
	EndProjectSection
EndProject
Project("{9A19103F-16F7-4668-BE54-9A1E7A4F7556}") = "Launcher.Metadata.Indexer", "Application\Launcher.Metadata.Indexer\Launcher.Metadata.Indexer.csproj", "{5BC71E57-4BB3-4B89-974D-205DF3148270}"
EndProject
Project("{9A19103F-16F7-4668-BE54-9A1E7A4F7556}") = "Launcher.Metadata", "Application\Launcher.Metadata\Launcher.Metadata.csproj", "{DF05F9B7-A17B-4B6D-B80B-8A82C94EF7EF}"
EndProject
Project("{9A19103F-16F7-4668-BE54-9A1E7A4F7556}") = "Launcher.Abstraction.StateMachine", "Application\Launcher.Abstraction.StateMachine\Launcher.Abstraction.StateMachine.csproj", "{DEFF785C-92AF-46E4-924B-89D5994CD7CD}"
EndProject
Project("{9A19103F-16F7-4668-BE54-9A1E7A4F7556}") = "Launcher.Common", "Application\Launcher.Common\Launcher.Common.csproj", "{6E798C02-9DC5-4679-9A90-AAAA3BB83861}"
EndProject
Project("{9A19103F-16F7-4668-BE54-9A1E7A4F7556}") = "WebInstaller", "Application\WebInstaller\WebInstaller.csproj", "{A5EB91E7-D0D8-4D15-A13D-B28172663A7F}"
EndProject
Project("{2150E333-8FDC-42A3-9474-1A3956D46DE8}") = "Scripts", "Scripts", "{2FED6A12-01E8-46B0-A2CF-818768039882}"
	ProjectSection(SolutionItems) = preProject
		scripts\publish.next.ps1 = scripts\publish.next.ps1
	EndProjectSection
EndProject
Global
	GlobalSection(SolutionConfigurationPlatforms) = preSolution
		Debug|Any CPU = Debug|Any CPU
		Release|Any CPU = Release|Any CPU
	EndGlobalSection
	GlobalSection(ProjectConfigurationPlatforms) = postSolution
		{1CC3D187-6EFD-4A70-AF2B-53CB4601E236}.Debug|Any CPU.ActiveCfg = Debug|Any CPU
		{1CC3D187-6EFD-4A70-AF2B-53CB4601E236}.Debug|Any CPU.Build.0 = Debug|Any CPU
		{1CC3D187-6EFD-4A70-AF2B-53CB4601E236}.Release|Any CPU.ActiveCfg = Release|Any CPU
		{1CC3D187-6EFD-4A70-AF2B-53CB4601E236}.Release|Any CPU.Build.0 = Release|Any CPU
		{A54F9BDE-5D5F-4BA3-9B1E-9B1296B6E242}.Debug|Any CPU.ActiveCfg = Debug|Any CPU
		{A54F9BDE-5D5F-4BA3-9B1E-9B1296B6E242}.Debug|Any CPU.Build.0 = Debug|Any CPU
		{A54F9BDE-5D5F-4BA3-9B1E-9B1296B6E242}.Release|Any CPU.ActiveCfg = Release|Any CPU
		{A54F9BDE-5D5F-4BA3-9B1E-9B1296B6E242}.Release|Any CPU.Build.0 = Release|Any CPU
		{51E84BC8-6499-44B3-A47B-295174D9EB78}.Debug|Any CPU.ActiveCfg = Debug|Any CPU
		{51E84BC8-6499-44B3-A47B-295174D9EB78}.Debug|Any CPU.Build.0 = Debug|Any CPU
		{51E84BC8-6499-44B3-A47B-295174D9EB78}.Release|Any CPU.ActiveCfg = Release|Any CPU
		{51E84BC8-6499-44B3-A47B-295174D9EB78}.Release|Any CPU.Build.0 = Release|Any CPU
		{5BC71E57-4BB3-4B89-974D-205DF3148270}.Debug|Any CPU.ActiveCfg = Debug|Any CPU
		{5BC71E57-4BB3-4B89-974D-205DF3148270}.Debug|Any CPU.Build.0 = Debug|Any CPU
		{5BC71E57-4BB3-4B89-974D-205DF3148270}.Release|Any CPU.ActiveCfg = Release|Any CPU
		{5BC71E57-4BB3-4B89-974D-205DF3148270}.Release|Any CPU.Build.0 = Release|Any CPU
		{DF05F9B7-A17B-4B6D-B80B-8A82C94EF7EF}.Debug|Any CPU.ActiveCfg = Debug|Any CPU
		{DF05F9B7-A17B-4B6D-B80B-8A82C94EF7EF}.Debug|Any CPU.Build.0 = Debug|Any CPU
		{DF05F9B7-A17B-4B6D-B80B-8A82C94EF7EF}.Release|Any CPU.ActiveCfg = Release|Any CPU
		{DF05F9B7-A17B-4B6D-B80B-8A82C94EF7EF}.Release|Any CPU.Build.0 = Release|Any CPU
		{DEFF785C-92AF-46E4-924B-89D5994CD7CD}.Debug|Any CPU.ActiveCfg = Debug|Any CPU
		{DEFF785C-92AF-46E4-924B-89D5994CD7CD}.Debug|Any CPU.Build.0 = Debug|Any CPU
		{DEFF785C-92AF-46E4-924B-89D5994CD7CD}.Release|Any CPU.ActiveCfg = Release|Any CPU
		{DEFF785C-92AF-46E4-924B-89D5994CD7CD}.Release|Any CPU.Build.0 = Release|Any CPU
		{6E798C02-9DC5-4679-9A90-AAAA3BB83861}.Debug|Any CPU.ActiveCfg = Debug|Any CPU
		{6E798C02-9DC5-4679-9A90-AAAA3BB83861}.Debug|Any CPU.Build.0 = Debug|Any CPU
		{6E798C02-9DC5-4679-9A90-AAAA3BB83861}.Release|Any CPU.ActiveCfg = Release|Any CPU
		{6E798C02-9DC5-4679-9A90-AAAA3BB83861}.Release|Any CPU.Build.0 = Release|Any CPU
		{A5EB91E7-D0D8-4D15-A13D-B28172663A7F}.Debug|Any CPU.ActiveCfg = Debug|Any CPU
		{A5EB91E7-D0D8-4D15-A13D-B28172663A7F}.Debug|Any CPU.Build.0 = Debug|Any CPU
		{A5EB91E7-D0D8-4D15-A13D-B28172663A7F}.Release|Any CPU.ActiveCfg = Release|Any CPU
		{A5EB91E7-D0D8-4D15-A13D-B28172663A7F}.Release|Any CPU.Build.0 = Release|Any CPU
	EndGlobalSection
	GlobalSection(SolutionProperties) = preSolution
		HideSolutionNode = FALSE
	EndGlobalSection
	GlobalSection(NestedProjects) = preSolution
		{1CC3D187-6EFD-4A70-AF2B-53CB4601E236} = {00ACC9EF-8F59-4BD2-A9C8-B494EC025182}
		{A54F9BDE-5D5F-4BA3-9B1E-9B1296B6E242} = {00ACC9EF-8F59-4BD2-A9C8-B494EC025182}
		{51E84BC8-6499-44B3-A47B-295174D9EB78} = {00ACC9EF-8F59-4BD2-A9C8-B494EC025182}
		{5BC71E57-4BB3-4B89-974D-205DF3148270} = {00ACC9EF-8F59-4BD2-A9C8-B494EC025182}
		{DF05F9B7-A17B-4B6D-B80B-8A82C94EF7EF} = {00ACC9EF-8F59-4BD2-A9C8-B494EC025182}
		{DEFF785C-92AF-46E4-924B-89D5994CD7CD} = {00ACC9EF-8F59-4BD2-A9C8-B494EC025182}
		{6E798C02-9DC5-4679-9A90-AAAA3BB83861} = {00ACC9EF-8F59-4BD2-A9C8-B494EC025182}
		{A5EB91E7-D0D8-4D15-A13D-B28172663A7F} = {00ACC9EF-8F59-4BD2-A9C8-B494EC025182}
	EndGlobalSection
	GlobalSection(ExtensibilityGlobals) = postSolution
		SolutionGuid = {33E2AEF2-3406-404D-BFB5-808C09824437}
	EndGlobalSection
EndGlobal
